
Microsoft Visual Studio Solution File, Format Version 12.00
# Visual Studio 15
VisualStudioVersion = 15.0.27703.2042
MinimumVisualStudioVersion = 10.0.40219.1
Project("{FAE04EC0-301F-11D3-BF4B-00C04F79EFBC}") = "crackinDJ", "crackinDJ\crackinDJ.csproj", "{03F7E9D6-CD5F-465F-BD17-B8E48DC75E34}"
EndProject
Project("{FAE04EC0-301F-11D3-BF4B-00C04F79EFBC}") = "config", "config\config.csproj", "{C7144C72-1C91-4FD9-A58D-3F35C2B91D0B}"
EndProject
Global
	GlobalSection(SolutionConfigurationPlatforms) = preSolution
		Debug|Any CPU = Debug|Any CPU
		Debug|x86 = Debug|x86
		Release|Any CPU = Release|Any CPU
		Release|x86 = Release|x86
	EndGlobalSection
	GlobalSection(ProjectConfigurationPlatforms) = postSolution
		{03F7E9D6-CD5F-465F-BD17-B8E48DC75E34}.Debug|Any CPU.ActiveCfg = Debug|Any CPU
		{03F7E9D6-CD5F-465F-BD17-B8E48DC75E34}.Debug|Any CPU.Build.0 = Debug|Any CPU
		{03F7E9D6-CD5F-465F-BD17-B8E48DC75E34}.Debug|x86.ActiveCfg = Debug|x86
		{03F7E9D6-CD5F-465F-BD17-B8E48DC75E34}.Debug|x86.Build.0 = Debug|x86
		{03F7E9D6-CD5F-465F-BD17-B8E48DC75E34}.Release|Any CPU.ActiveCfg = Release|Any CPU
		{03F7E9D6-CD5F-465F-BD17-B8E48DC75E34}.Release|Any CPU.Build.0 = Release|Any CPU
		{03F7E9D6-CD5F-465F-BD17-B8E48DC75E34}.Release|x86.ActiveCfg = Release|x86
		{03F7E9D6-CD5F-465F-BD17-B8E48DC75E34}.Release|x86.Build.0 = Release|x86
		{C7144C72-1C91-4FD9-A58D-3F35C2B91D0B}.Debug|Any CPU.ActiveCfg = Debug|Any CPU
		{C7144C72-1C91-4FD9-A58D-3F35C2B91D0B}.Debug|Any CPU.Build.0 = Debug|Any CPU
		{C7144C72-1C91-4FD9-A58D-3F35C2B91D0B}.Debug|x86.ActiveCfg = Debug|Any CPU
		{C7144C72-1C91-4FD9-A58D-3F35C2B91D0B}.Debug|x86.Build.0 = Debug|Any CPU
		{C7144C72-1C91-4FD9-A58D-3F35C2B91D0B}.Release|Any CPU.ActiveCfg = Release|Any CPU
		{C7144C72-1C91-4FD9-A58D-3F35C2B91D0B}.Release|Any CPU.Build.0 = Release|Any CPU
		{C7144C72-1C91-4FD9-A58D-3F35C2B91D0B}.Release|x86.ActiveCfg = Release|Any CPU
		{C7144C72-1C91-4FD9-A58D-3F35C2B91D0B}.Release|x86.Build.0 = Release|Any CPU
	EndGlobalSection
	GlobalSection(SolutionProperties) = preSolution
		HideSolutionNode = FALSE
	EndGlobalSection
	GlobalSection(ExtensibilityGlobals) = postSolution
		SolutionGuid = {1356E829-9962-498C-AE80-153A79F2662B}
	EndGlobalSection
EndGlobal
